// !$*UTF8*$!
{
	archiveVersion = 1;
	classes = {
	};
	objectVersion = 50;
	objects = {

/* Begin PBXBuildFile section */
		97815D2821E48AF80066AFE9 /* AppDelegate.m in Sources */ = {isa = PBXBuildFile; fileRef = 97815D2721E48AF80066AFE9 /* AppDelegate.m */; };
		97815D2B21E48AF80066AFE9 /* ViewController.m in Sources */ = {isa = PBXBuildFile; fileRef = 97815D2A21E48AF80066AFE9 /* ViewController.m */; };
		97815D2E21E48AF80066AFE9 /* Main.storyboard in Resources */ = {isa = PBXBuildFile; fileRef = 97815D2C21E48AF80066AFE9 /* Main.storyboard */; };
		97815D3021E48AF90066AFE9 /* Assets.xcassets in Resources */ = {isa = PBXBuildFile; fileRef = 97815D2F21E48AF90066AFE9 /* Assets.xcassets */; };
		97815D3321E48AF90066AFE9 /* LaunchScreen.storyboard in Resources */ = {isa = PBXBuildFile; fileRef = 97815D3121E48AF90066AFE9 /* LaunchScreen.storyboard */; };
		97815D3621E48AF90066AFE9 /* main.m in Sources */ = {isa = PBXBuildFile; fileRef = 97815D3521E48AF90066AFE9 /* main.m */; };
		97815D4021E48AF90066AFE9 /* gittestTests.m in Sources */ = {isa = PBXBuildFile; fileRef = 97815D3F21E48AF90066AFE9 /* gittestTests.m */; };
		97815D4B21E48AF90066AFE9 /* gittestUITests.m in Sources */ = {isa = PBXBuildFile; fileRef = 97815D4A21E48AF90066AFE9 /* gittestUITests.m */; };
/* End PBXBuildFile section */

/* Begin PBXContainerItemProxy section */
		97815D3C21E48AF90066AFE9 /* PBXContainerItemProxy */ = {
			isa = PBXContainerItemProxy;
			containerPortal = 97815D1B21E48AF80066AFE9 /* Project object */;
			proxyType = 1;
			remoteGlobalIDString = 97815D2221E48AF80066AFE9;
			remoteInfo = gittest;
		};
		97815D4721E48AF90066AFE9 /* PBXContainerItemProxy */ = {
			isa = PBXContainerItemProxy;
			containerPortal = 97815D1B21E48AF80066AFE9 /* Project object */;
			proxyType = 1;
			remoteGlobalIDString = 97815D2221E48AF80066AFE9;
			remoteInfo = gittest;
		};
/* End PBXContainerItemProxy section */

/* Begin PBXFileReference section */
		97815D2321E48AF80066AFE9 /* gittest.app */ = {isa = PBXFileReference; explicitFileType = wrapper.application; includeInIndex = 0; path = gittest.app; sourceTree = BUILT_PRODUCTS_DIR; };
		97815D2621E48AF80066AFE9 /* AppDelegate.h */ = {isa = PBXFileReference; lastKnownFileType = sourcecode.c.h; path = AppDelegate.h; sourceTree = "<group>"; };
		97815D2721E48AF80066AFE9 /* AppDelegate.m */ = {isa = PBXFileReference; lastKnownFileType = sourcecode.c.objc; path = AppDelegate.m; sourceTree = "<group>"; };
		97815D2921E48AF80066AFE9 /* ViewController.h */ = {isa = PBXFileReference; lastKnownFileType = sourcecode.c.h; path = ViewController.h; sourceTree = "<group>"; };
		97815D2A21E48AF80066AFE9 /* ViewController.m */ = {isa = PBXFileReference; lastKnownFileType = sourcecode.c.objc; path = ViewController.m; sourceTree = "<group>"; };
		97815D2D21E48AF80066AFE9 /* Base */ = {isa = PBXFileReference; lastKnownFileType = file.storyboard; name = Base; path = Base.lproj/Main.storyboard; sourceTree = "<group>"; };
		97815D2F21E48AF90066AFE9 /* Assets.xcassets */ = {isa = PBXFileReference; lastKnownFileType = folder.assetcatalog; path = Assets.xcassets; sourceTree = "<group>"; };
		97815D3221E48AF90066AFE9 /* Base */ = {isa = PBXFileReference; lastKnownFileType = file.storyboard; name = Base; path = Base.lproj/LaunchScreen.storyboard; sourceTree = "<group>"; };
		97815D3421E48AF90066AFE9 /* Info.plist */ = {isa = PBXFileReference; lastKnownFileType = text.plist.xml; path = Info.plist; sourceTree = "<group>"; };
		97815D3521E48AF90066AFE9 /* main.m */ = {isa = PBXFileReference; lastKnownFileType = sourcecode.c.objc; path = main.m; sourceTree = "<group>"; };
		97815D3B21E48AF90066AFE9 /* gittestTests.xctest */ = {isa = PBXFileReference; explicitFileType = wrapper.cfbundle; includeInIndex = 0; path = gittestTests.xctest; sourceTree = BUILT_PRODUCTS_DIR; };
		97815D3F21E48AF90066AFE9 /* gittestTests.m */ = {isa = PBXFileReference; lastKnownFileType = sourcecode.c.objc; path = gittestTests.m; sourceTree = "<group>"; };
		97815D4121E48AF90066AFE9 /* Info.plist */ = {isa = PBXFileReference; lastKnownFileType = text.plist.xml; path = Info.plist; sourceTree = "<group>"; };
		97815D4621E48AF90066AFE9 /* gittestUITests.xctest */ = {isa = PBXFileReference; explicitFileType = wrapper.cfbundle; includeInIndex = 0; path = gittestUITests.xctest; sourceTree = BUILT_PRODUCTS_DIR; };
		97815D4A21E48AF90066AFE9 /* gittestUITests.m */ = {isa = PBXFileReference; lastKnownFileType = sourcecode.c.objc; path = gittestUITests.m; sourceTree = "<group>"; };
		97815D4C21E48AF90066AFE9 /* Info.plist */ = {isa = PBXFileReference; lastKnownFileType = text.plist.xml; path = Info.plist; sourceTree = "<group>"; };
/* End PBXFileReference section */

/* Begin PBXFrameworksBuildPhase section */
		97815D2021E48AF80066AFE9 /* Frameworks */ = {
			isa = PBXFrameworksBuildPhase;
			buildActionMask = 2147483647;
			files = (
			);
			runOnlyForDeploymentPostprocessing = 0;
		};
		97815D3821E48AF90066AFE9 /* Frameworks */ = {
			isa = PBXFrameworksBuildPhase;
			buildActionMask = 2147483647;
			files = (
			);
			runOnlyForDeploymentPostprocessing = 0;
		};
		97815D4321E48AF90066AFE9 /* Frameworks */ = {
			isa = PBXFrameworksBuildPhase;
			buildActionMask = 2147483647;
			files = (
			);
			runOnlyForDeploymentPostprocessing = 0;
		};
/* End PBXFrameworksBuildPhase section */

/* Begin PBXGroup section */
		97815D1A21E48AF80066AFE9 = {
			isa = PBXGroup;
			children = (
				97815D2521E48AF80066AFE9 /* gittest */,
				97815D3E21E48AF90066AFE9 /* gittestTests */,
				97815D4921E48AF90066AFE9 /* gittestUITests */,
				97815D2421E48AF80066AFE9 /* Products */,
			);
			sourceTree = "<group>";
		};
		97815D2421E48AF80066AFE9 /* Products */ = {
			isa = PBXGroup;
			children = (
				97815D2321E48AF80066AFE9 /* gittest.app */,
				97815D3B21E48AF90066AFE9 /* gittestTests.xctest */,
				97815D4621E48AF90066AFE9 /* gittestUITests.xctest */,
			);
			name = Products;
			sourceTree = "<group>";
		};
		97815D2521E48AF80066AFE9 /* gittest */ = {
			isa = PBXGroup;
			children = (
				97815D2621E48AF80066AFE9 /* AppDelegate.h */,
				97815D2721E48AF80066AFE9 /* AppDelegate.m */,
				97815D2921E48AF80066AFE9 /* ViewController.h */,
				97815D2A21E48AF80066AFE9 /* ViewController.m */,
				97815D2C21E48AF80066AFE9 /* Main.storyboard */,
				97815D2F21E48AF90066AFE9 /* Assets.xcassets */,
				97815D3121E48AF90066AFE9 /* LaunchScreen.storyboard */,
				97815D3421E48AF90066AFE9 /* Info.plist */,
				97815D3521E48AF90066AFE9 /* main.m */,
			);
			path = gittest;
			sourceTree = "<group>";
		};
		97815D3E21E48AF90066AFE9 /* gittestTests */ = {
			isa = PBXGroup;
			children = (
				97815D3F21E48AF90066AFE9 /* gittestTests.m */,
				97815D4121E48AF90066AFE9 /* Info.plist */,
			);
			path = gittestTests;
			sourceTree = "<group>";
		};
		97815D4921E48AF90066AFE9 /* gittestUITests */ = {
			isa = PBXGroup;
			children = (
				97815D4A21E48AF90066AFE9 /* gittestUITests.m */,
				97815D4C21E48AF90066AFE9 /* Info.plist */,
			);
			path = gittestUITests;
			sourceTree = "<group>";
		};
/* End PBXGroup section */

/* Begin PBXNativeTarget section */
		97815D2221E48AF80066AFE9 /* gittest */ = {
			isa = PBXNativeTarget;
			buildConfigurationList = 97815D4F21E48AF90066AFE9 /* Build configuration list for PBXNativeTarget "gittest" */;
			buildPhases = (
				97815D1F21E48AF80066AFE9 /* Sources */,
				97815D2021E48AF80066AFE9 /* Frameworks */,
				97815D2121E48AF80066AFE9 /* Resources */,
			);
			buildRules = (
			);
			dependencies = (
			);
			name = gittest;
			productName = gittest;
			productReference = 97815D2321E48AF80066AFE9 /* gittest.app */;
			productType = "com.apple.product-type.application";
		};
		97815D3A21E48AF90066AFE9 /* gittestTests */ = {
			isa = PBXNativeTarget;
			buildConfigurationList = 97815D5221E48AF90066AFE9 /* Build configuration list for PBXNativeTarget "gittestTests" */;
			buildPhases = (
				97815D3721E48AF90066AFE9 /* Sources */,
				97815D3821E48AF90066AFE9 /* Frameworks */,
				97815D3921E48AF90066AFE9 /* Resources */,
			);
			buildRules = (
			);
			dependencies = (
				97815D3D21E48AF90066AFE9 /* PBXTargetDependency */,
			);
			name = gittestTests;
			productName = gittestTests;
			productReference = 97815D3B21E48AF90066AFE9 /* gittestTests.xctest */;
			productType = "com.apple.product-type.bundle.unit-test";
		};
		97815D4521E48AF90066AFE9 /* gittestUITests */ = {
			isa = PBXNativeTarget;
			buildConfigurationList = 97815D5521E48AF90066AFE9 /* Build configuration list for PBXNativeTarget "gittestUITests" */;
			buildPhases = (
				97815D4221E48AF90066AFE9 /* Sources */,
				97815D4321E48AF90066AFE9 /* Frameworks */,
				97815D4421E48AF90066AFE9 /* Resources */,
			);
			buildRules = (
			);
			dependencies = (
				97815D4821E48AF90066AFE9 /* PBXTargetDependency */,
			);
			name = gittestUITests;
			productName = gittestUITests;
			productReference = 97815D4621E48AF90066AFE9 /* gittestUITests.xctest */;
			productType = "com.apple.product-type.bundle.ui-testing";
		};
/* End PBXNativeTarget section */

/* Begin PBXProject section */
		97815D1B21E48AF80066AFE9 /* Project object */ = {
			isa = PBXProject;
			attributes = {
				LastUpgradeCheck = 0940;
				ORGANIZATIONNAME = "强淑婷";
				TargetAttributes = {
					97815D2221E48AF80066AFE9 = {
						CreatedOnToolsVersion = 9.4;
					};
					97815D3A21E48AF90066AFE9 = {
						CreatedOnToolsVersion = 9.4;
						TestTargetID = 97815D2221E48AF80066AFE9;
					};
					97815D4521E48AF90066AFE9 = {
						CreatedOnToolsVersion = 9.4;
						TestTargetID = 97815D2221E48AF80066AFE9;
					};
				};
			};
			buildConfigurationList = 97815D1E21E48AF80066AFE9 /* Build configuration list for PBXProject "gittest" */;
			compatibilityVersion = "Xcode 9.3";
			developmentRegion = en;
			hasScannedForEncodings = 0;
			knownRegions = (
				en,
				Base,
			);
			mainGroup = 97815D1A21E48AF80066AFE9;
			productRefGroup = 97815D2421E48AF80066AFE9 /* Products */;
			projectDirPath = "";
			projectRoot = "";
			targets = (
				97815D2221E48AF80066AFE9 /* gittest */,
				97815D3A21E48AF90066AFE9 /* gittestTests */,
				97815D4521E48AF90066AFE9 /* gittestUITests */,
			);
		};
/* End PBXProject section */

/* Begin PBXResourcesBuildPhase section */
		97815D2121E48AF80066AFE9 /* Resources */ = {
			isa = PBXResourcesBuildPhase;
			buildActionMask = 2147483647;
			files = (
				97815D3321E48AF90066AFE9 /* LaunchScreen.storyboard in Resources */,
				97815D3021E48AF90066AFE9 /* Assets.xcassets in Resources */,
				97815D2E21E48AF80066AFE9 /* Main.storyboard in Resources */,
			);
			runOnlyForDeploymentPostprocessing = 0;
		};
		97815D3921E48AF90066AFE9 /* Resources */ = {
			isa = PBXResourcesBuildPhase;
			buildActionMask = 2147483647;
			files = (
			);
			runOnlyForDeploymentPostprocessing = 0;
		};
		97815D4421E48AF90066AFE9 /* Resources */ = {
			isa = PBXResourcesBuildPhase;
			buildActionMask = 2147483647;
			files = (
			);
			runOnlyForDeploymentPostprocessing = 0;
		};
/* End PBXResourcesBuildPhase section */

/* Begin PBXSourcesBuildPhase section */
		97815D1F21E48AF80066AFE9 /* Sources */ = {
			isa = PBXSourcesBuildPhase;
			buildActionMask = 2147483647;
			files = (
				97815D2B21E48AF80066AFE9 /* ViewController.m in Sources */,
				97815D3621E48AF90066AFE9 /* main.m in Sources */,
				97815D2821E48AF80066AFE9 /* AppDelegate.m in Sources */,
			);
			runOnlyForDeploymentPostprocessing = 0;
		};
		97815D3721E48AF90066AFE9 /* Sources */ = {
			isa = PBXSourcesBuildPhase;
			buildActionMask = 2147483647;
			files = (
				97815D4021E48AF90066AFE9 /* gittestTests.m in Sources */,
			);
			runOnlyForDeploymentPostprocessing = 0;
		};
		97815D4221E48AF90066AFE9 /* Sources */ = {
			isa = PBXSourcesBuildPhase;
			buildActionMask = 2147483647;
			files = (
				97815D4B21E48AF90066AFE9 /* gittestUITests.m in Sources */,
			);
			runOnlyForDeploymentPostprocessing = 0;
		};
/* End PBXSourcesBuildPhase section */

/* Begin PBXTargetDependency section */
		97815D3D21E48AF90066AFE9 /* PBXTargetDependency */ = {
			isa = PBXTargetDependency;
			target = 97815D2221E48AF80066AFE9 /* gittest */;
			targetProxy = 97815D3C21E48AF90066AFE9 /* PBXContainerItemProxy */;
		};
		97815D4821E48AF90066AFE9 /* PBXTargetDependency */ = {
			isa = PBXTargetDependency;
			target = 97815D2221E48AF80066AFE9 /* gittest */;
			targetProxy = 97815D4721E48AF90066AFE9 /* PBXContainerItemProxy */;
		};
/* End PBXTargetDependency section */

/* Begin PBXVariantGroup section */
		97815D2C21E48AF80066AFE9 /* Main.storyboard */ = {
			isa = PBXVariantGroup;
			children = (
				97815D2D21E48AF80066AFE9 /* Base */,
			);
			name = Main.storyboard;
			sourceTree = "<group>";
		};
		97815D3121E48AF90066AFE9 /* LaunchScreen.storyboard */ = {
			isa = PBXVariantGroup;
			children = (
				97815D3221E48AF90066AFE9 /* Base */,
			);
			name = LaunchScreen.storyboard;
			sourceTree = "<group>";
		};
/* End PBXVariantGroup section */

/* Begin XCBuildConfiguration section */
		97815D4D21E48AF90066AFE9 /* Debug */ = {
			isa = XCBuildConfiguration;
			buildSettings = {
				ALWAYS_SEARCH_USER_PATHS = NO;
				CLANG_ANALYZER_NONNULL = YES;
				CLANG_ANALYZER_NUMBER_OBJECT_CONVERSION = YES_AGGRESSIVE;
				CLANG_CXX_LANGUAGE_STANDARD = "gnu++14";
				CLANG_CXX_LIBRARY = "libc++";
				CLANG_ENABLE_MODULES = YES;
				CLANG_ENABLE_OBJC_ARC = YES;
				CLANG_ENABLE_OBJC_WEAK = YES;
				CLANG_WARN_BLOCK_CAPTURE_AUTORELEASING = YES;
				CLANG_WARN_BOOL_CONVERSION = YES;
				CLANG_WARN_COMMA = YES;
				CLANG_WARN_CONSTANT_CONVERSION = YES;
				CLANG_WARN_DEPRECATED_OBJC_IMPLEMENTATIONS = YES;
				CLANG_WARN_DIRECT_OBJC_ISA_USAGE = YES_ERROR;
				CLANG_WARN_DOCUMENTATION_COMMENTS = YES;
				CLANG_WARN_EMPTY_BODY = YES;
				CLANG_WARN_ENUM_CONVERSION = YES;
				CLANG_WARN_INFINITE_RECURSION = YES;
				CLANG_WARN_INT_CONVERSION = YES;
				CLANG_WARN_NON_LITERAL_NULL_CONVERSION = YES;
				CLANG_WARN_OBJC_IMPLICIT_RETAIN_SELF = YES;
				CLANG_WARN_OBJC_LITERAL_CONVERSION = YES;
				CLANG_WARN_OBJC_ROOT_CLASS = YES_ERROR;
				CLANG_WARN_RANGE_LOOP_ANALYSIS = YES;
				CLANG_WARN_STRICT_PROTOTYPES = YES;
				CLANG_WARN_SUSPICIOUS_MOVE = YES;
				CLANG_WARN_UNGUARDED_AVAILABILITY = YES_AGGRESSIVE;
				CLANG_WARN_UNREACHABLE_CODE = YES;
				CLANG_WARN__DUPLICATE_METHOD_MATCH = YES;
				CODE_SIGN_IDENTITY = "iPhone Developer";
				COPY_PHASE_STRIP = NO;
				DEBUG_INFORMATION_FORMAT = dwarf;
				ENABLE_STRICT_OBJC_MSGSEND = YES;
				ENABLE_TESTABILITY = YES;
				GCC_C_LANGUAGE_STANDARD = gnu11;
				GCC_DYNAMIC_NO_PIC = NO;
				GCC_NO_COMMON_BLOCKS = YES;
				GCC_OPTIMIZATION_LEVEL = 0;
				GCC_PREPROCESSOR_DEFINITIONS = (
					"DEBUG=1",
					"$(inherited)",
				);
				GCC_WARN_64_TO_32_BIT_CONVERSION = YES;
				GCC_WARN_ABOUT_RETURN_TYPE = YES_ERROR;
				GCC_WARN_UNDECLARED_SELECTOR = YES;
				GCC_WARN_UNINITIALIZED_AUTOS = YES_AGGRESSIVE;
				GCC_WARN_UNUSED_FUNCTION = YES;
				GCC_WARN_UNUSED_VARIABLE = YES;
				IPHONEOS_DEPLOYMENT_TARGET = 11.4;
				MTL_ENABLE_DEBUG_INFO = YES;
				ONLY_ACTIVE_ARCH = YES;
				SDKROOT = iphoneos;
			};
			name = Debug;
		};
		97815D4E21E48AF90066AFE9 /* Release */ = {
			isa = XCBuildConfiguration;
			buildSettings = {
				ALWAYS_SEARCH_USER_PATHS = NO;
				CLANG_ANALYZER_NONNULL = YES;
				CLANG_ANALYZER_NUMBER_OBJECT_CONVERSION = YES_AGGRESSIVE;
				CLANG_CXX_LANGUAGE_STANDARD = "gnu++14";
				CLANG_CXX_LIBRARY = "libc++";
				CLANG_ENABLE_MODULES = YES;
				CLANG_ENABLE_OBJC_ARC = YES;
				CLANG_ENABLE_OBJC_WEAK = YES;
				CLANG_WARN_BLOCK_CAPTURE_AUTORELEASING = YES;
				CLANG_WARN_BOOL_CONVERSION = YES;
				CLANG_WARN_COMMA = YES;
				CLANG_WARN_CONSTANT_CONVERSION = YES;
				CLANG_WARN_DEPRECATED_OBJC_IMPLEMENTATIONS = YES;
				CLANG_WARN_DIRECT_OBJC_ISA_USAGE = YES_ERROR;
				CLANG_WARN_DOCUMENTATION_COMMENTS = YES;
				CLANG_WARN_EMPTY_BODY = YES;
				CLANG_WARN_ENUM_CONVERSION = YES;
				CLANG_WARN_INFINITE_RECURSION = YES;
				CLANG_WARN_INT_CONVERSION = YES;
				CLANG_WARN_NON_LITERAL_NULL_CONVERSION = YES;
				CLANG_WARN_OBJC_IMPLICIT_RETAIN_SELF = YES;
				CLANG_WARN_OBJC_LITERAL_CONVERSION = YES;
				CLANG_WARN_OBJC_ROOT_CLASS = YES_ERROR;
				CLANG_WARN_RANGE_LOOP_ANALYSIS = YES;
				CLANG_WARN_STRICT_PROTOTYPES = YES;
				CLANG_WARN_SUSPICIOUS_MOVE = YES;
				CLANG_WARN_UNGUARDED_AVAILABILITY = YES_AGGRESSIVE;
				CLANG_WARN_UNREACHABLE_CODE = YES;
				CLANG_WARN__DUPLICATE_METHOD_MATCH = YES;
				CODE_SIGN_IDENTITY = "iPhone Developer";
				COPY_PHASE_STRIP = NO;
				DEBUG_INFORMATION_FORMAT = "dwarf-with-dsym";
				ENABLE_NS_ASSERTIONS = NO;
				ENABLE_STRICT_OBJC_MSGSEND = YES;
				GCC_C_LANGUAGE_STANDARD = gnu11;
				GCC_NO_COMMON_BLOCKS = YES;
				GCC_WARN_64_TO_32_BIT_CONVERSION = YES;
				GCC_WARN_ABOUT_RETURN_TYPE = YES_ERROR;
				GCC_WARN_UNDECLARED_SELECTOR = YES;
				GCC_WARN_UNINITIALIZED_AUTOS = YES_AGGRESSIVE;
				GCC_WARN_UNUSED_FUNCTION = YES;
				GCC_WARN_UNUSED_VARIABLE = YES;
				IPHONEOS_DEPLOYMENT_TARGET = 11.4;
				MTL_ENABLE_DEBUG_INFO = NO;
				SDKROOT = iphoneos;
				VALIDATE_PRODUCT = YES;
			};
			name = Release;
		};
		97815D5021E48AF90066AFE9 /* Debug */ = {
			isa = XCBuildConfiguration;
			buildSettings = {
				ASSETCATALOG_COMPILER_APPICON_NAME = AppIcon;
				CODE_SIGN_STYLE = Automatic;
				INFOPLIST_FILE = gittest/Info.plist;
				LD_RUNPATH_SEARCH_PATHS = (
					"$(inherited)",
					"@executable_path/Frameworks",
				);
				PRODUCT_BUNDLE_IDENTIFIER = "-.gittest";
				PRODUCT_NAME = "$(TARGET_NAME)";
				TARGETED_DEVICE_FAMILY = "1,2";
			};
			name = Debug;
		};
		97815D5121E48AF90066AFE9 /* Release */ = {
			isa = XCBuildConfiguration;
			buildSettings = {
				ASSETCATALOG_COMPILER_APPICON_NAME = AppIcon;
				CODE_SIGN_STYLE = Automatic;
				INFOPLIST_FILE = gittest/Info.plist;
				LD_RUNPATH_SEARCH_PATHS = (
					"$(inherited)",
					"@executable_path/Frameworks",
				);
				PRODUCT_BUNDLE_IDENTIFIER = "-.gittest";
				PRODUCT_NAME = "$(TARGET_NAME)";
				TARGETED_DEVICE_FAMILY = "1,2";
			};
			name = Release;
		};
		97815D5321E48AF90066AFE9 /* Debug */ = {
			isa = XCBuildConfiguration;
			buildSettings = {
				BUNDLE_LOADER = "$(TEST_HOST)";
				CODE_SIGN_STYLE = Automatic;
				INFOPLIST_FILE = gittestTests/Info.plist;
				LD_RUNPATH_SEARCH_PATHS = (
					"$(inherited)",
					"@executable_path/Frameworks",
					"@loader_path/Frameworks",
				);
				PRODUCT_BUNDLE_IDENTIFIER = "-.gittestTests";
				PRODUCT_NAME = "$(TARGET_NAME)";
				TARGETED_DEVICE_FAMILY = "1,2";
				TEST_HOST = "$(BUILT_PRODUCTS_DIR)/gittest.app/gittest";
			};
			name = Debug;
		};
		97815D5421E48AF90066AFE9 /* Release */ = {
			isa = XCBuildConfiguration;
			buildSettings = {
				BUNDLE_LOADER = "$(TEST_HOST)";
				CODE_SIGN_STYLE = Automatic;
				INFOPLIST_FILE = gittestTests/Info.plist;
				LD_RUNPATH_SEARCH_PATHS = (
					"$(inherited)",
					"@executable_path/Frameworks",
					"@loader_path/Frameworks",
				);
				PRODUCT_BUNDLE_IDENTIFIER = "-.gittestTests";
				PRODUCT_NAME = "$(TARGET_NAME)";
				TARGETED_DEVICE_FAMILY = "1,2";
				TEST_HOST = "$(BUILT_PRODUCTS_DIR)/gittest.app/gittest";
			};
			name = Release;
		};
		97815D5621E48AF90066AFE9 /* Debug */ = {
			isa = XCBuildConfiguration;
			buildSettings = {
				CODE_SIGN_STYLE = Automatic;
				INFOPLIST_FILE = gittestUITests/Info.plist;
				LD_RUNPATH_SEARCH_PATHS = (
					"$(inherited)",
					"@executable_path/Frameworks",
					"@loader_path/Frameworks",
				);
				PRODUCT_BUNDLE_IDENTIFIER = "-.gittestUITests";
				PRODUCT_NAME = "$(TARGET_NAME)";
				TARGETED_DEVICE_FAMILY = "1,2";
				TEST_TARGET_NAME = gittest;
			};
			name = Debug;
		};
		97815D5721E48AF90066AFE9 /* Release */ = {
			isa = XCBuildConfiguration;
			buildSettings = {
				CODE_SIGN_STYLE = Automatic;
				INFOPLIST_FILE = gittestUITests/Info.plist;
				LD_RUNPATH_SEARCH_PATHS = (
					"$(inherited)",
					"@executable_path/Frameworks",
					"@loader_path/Frameworks",
				);
				PRODUCT_BUNDLE_IDENTIFIER = "-.gittestUITests";
				PRODUCT_NAME = "$(TARGET_NAME)";
				TARGETED_DEVICE_FAMILY = "1,2";
				TEST_TARGET_NAME = gittest;
			};
			name = Release;
		};
/* End XCBuildConfiguration section */

/* Begin XCConfigurationList section */
		97815D1E21E48AF80066AFE9 /* Build configuration list for PBXProject "gittest" */ = {
			isa = XCConfigurationList;
			buildConfigurations = (
				97815D4D21E48AF90066AFE9 /* Debug */,
				97815D4E21E48AF90066AFE9 /* Release */,
			);
			defaultConfigurationIsVisible = 0;
			defaultConfigurationName = Release;
		};
		97815D4F21E48AF90066AFE9 /* Build configuration list for PBXNativeTarget "gittest" */ = {
			isa = XCConfigurationList;
			buildConfigurations = (
				97815D5021E48AF90066AFE9 /* Debug */,
				97815D5121E48AF90066AFE9 /* Release */,
			);
			defaultConfigurationIsVisible = 0;
			defaultConfigurationName = Release;
		};
		97815D5221E48AF90066AFE9 /* Build configuration list for PBXNativeTarget "gittestTests" */ = {
			isa = XCConfigurationList;
			buildConfigurations = (
				97815D5321E48AF90066AFE9 /* Debug */,
				97815D5421E48AF90066AFE9 /* Release */,
			);
			defaultConfigurationIsVisible = 0;
			defaultConfigurationName = Release;
		};
		97815D5521E48AF90066AFE9 /* Build configuration list for PBXNativeTarget "gittestUITests" */ = {
			isa = XCConfigurationList;
			buildConfigurations = (
				97815D5621E48AF90066AFE9 /* Debug */,
				97815D5721E48AF90066AFE9 /* Release */,
			);
			defaultConfigurationIsVisible = 0;
			defaultConfigurationName = Release;
		};
/* End XCConfigurationList section */
	};
	rootObject = 97815D1B21E48AF80066AFE9 /* Project object */;
}
